
Microsoft Visual Studio Solution File, Format Version 12.00
# Visual Studio Version 16
VisualStudioVersion = 16.0.30503.244
MinimumVisualStudioVersion = 10.0.40219.1
Project("{8BC9CEB8-8B4A-11D0-8D11-00A0C91BC942}") = "salikhovaAc1904", "salikhovaAc1904\salikhovaAc1904.vcxproj", "{E472AACF-938B-4363-AF91-7BAF53B05561}"
EndProject
Global
	GlobalSection(SolutionConfigurationPlatforms) = preSolution
		Debug|x64 = Debug|x64
		Debug|x86 = Debug|x86
		Release|x64 = Release|x64
		Release|x86 = Release|x86
	EndGlobalSection
	GlobalSection(ProjectConfigurationPlatforms) = postSolution
		{E472AACF-938B-4363-AF91-7BAF53B05561}.Debug|x64.ActiveCfg = Debug|x64
		{E472AACF-938B-4363-AF91-7BAF53B05561}.Debug|x64.Build.0 = Debug|x64
		{E472AACF-938B-4363-AF91-7BAF53B05561}.Debug|x86.ActiveCfg = Debug|Win32
		{E472AACF-938B-4363-AF91-7BAF53B05561}.Debug|x86.Build.0 = Debug|Win32
		{E472AACF-938B-4363-AF91-7BAF53B05561}.Release|x64.ActiveCfg = Release|x64
		{E472AACF-938B-4363-AF91-7BAF53B05561}.Release|x64.Build.0 = Release|x64
		{E472AACF-938B-4363-AF91-7BAF53B05561}.Release|x86.ActiveCfg = Release|Win32
		{E472AACF-938B-4363-AF91-7BAF53B05561}.Release|x86.Build.0 = Release|Win32
	EndGlobalSection
	GlobalSection(SolutionProperties) = preSolution
		HideSolutionNode = FALSE
	EndGlobalSection
	GlobalSection(ExtensibilityGlobals) = postSolution
		SolutionGuid = {0D3BF3FC-2DFA-492E-A76D-2E8D1FD8AB8B}
	EndGlobalSection
EndGlobal
